{
    "_meta": {
        "hash": {
            "sha256": "86fd25d03192541c51262bc46949a5a7813114007bac22656c616499b70aa506"
        },
        "pipfile-spec": 6,
        "requires": {
            "python_version": "3.11"
        },
        "sources": [
            {
                "name": "pypi",
                "url": "https://pypi.org/simple",
                "verify_ssl": true
            }
        ]
    },
    "default": {
        "asgiref": {
            "hashes": [
                "sha256:89b2ef2247e3b562a16eef663bc0e2e703ec6468e2fa8a5cd61cd449786d4f6e",
                "sha256:9e0ce3aa93a819ba5b45120216b23878cf6e8525eb3848653452b4192b92afed"
            ],
            "markers": "python_version >= '3.7'",
            "version": "==3.7.2"
        },
        "django": {
            "hashes": [
                "sha256:5c7d748ad113a81b2d44750ccc41edc14e933f56581683db548c9257e078cc83",
                "sha256:5fb37580dcf4a262f9258c1f4373819aacca906431f505e4688e37f3a99195df"
            ],
            "index": "pypi",
            "markers": "python_version >= '3.10'",
            "version": "==5.0.3"
        },
        "djangorestframework": {
            "hashes": [
                "sha256:3f4a263012e1b263bf49a4907eb4cfe14de840a09b1ba64596d01a9c54835919",
                "sha256:5fa616048a7ec287fdaab3148aa5151efb73f7f8be1e23a9d18484e61e672695"
            ],
            "index": "pypi",
            "markers": "python_version >= '3.6'",
            "version": "==3.15.0"
        },
        "djangorestframework-simplejwt": {
            "hashes": [
                "sha256:381bc966aa46913905629d472cd72ad45faa265509764e20ffd440164c88d220",
                "sha256:6c4bd37537440bc439564ebf7d6085e74c5411485197073f508ebdfa34bc9fae"
            ],
            "index": "pypi",
            "markers": "python_version >= '3.8'",
            "version": "==5.3.1"
        },
        "drf-nested-routers": {
            "hashes": [
                "sha256:1407565abc7bada37c162c7e11bf214ae71625a17fdec6d9a47a17f4a3627d32",
                "sha256:9a6813554020134a02e62f8c2934b2047717f7da06f8b801752c521e43735c63"
            ],
            "index": "pypi",
            "markers": "python_version >= '3.8'",
            "version": "==0.93.5"
        },
        "pyjwt": {
            "hashes": [
                "sha256:57e28d156e3d5c10088e0c68abb90bfac3df82b40a71bd0daa20c65ccd5c23de",
                "sha256:59127c392cc44c2da5bb3192169a91f429924e17aff6534d70fdc02ab3e04320"
            ],
            "markers": "python_version >= '3.7'",
            "version": "==2.8.0"
        },
        "sqlparse": {
            "hashes": [
                "sha256:5430a4fe2ac7d0f93e66f1efc6e1338a41884b7ddf2a350cedd20ccc4d9d28f3",
                "sha256:d446183e84b8349fa3061f0fe7f06ca94ba65b426946ffebe6e3e8295332420c"
            ],
            "markers": "python_version >= '3.5'",
            "version": "==0.4.4"
        }
    },
    "develop": {}
}
